
Microsoft Visual Studio Solution File, Format Version 12.00
# Visual Studio Version 17
VisualStudioVersion = 17.7.34031.279
MinimumVisualStudioVersion = 10.0.40219.1
Project("{FAE04EC0-301F-11D3-BF4B-00C04F79EFBC}") = "JCO_Quiz01", "JCO_Quiz01.csproj", "{22F010F6-70FE-4747-94A1-B206726F3C59}"
EndProject
Global
	GlobalSection(SolutionConfigurationPlatforms) = preSolution
		Debug|Any CPU = Debug|Any CPU
		Release|Any CPU = Release|Any CPU
	EndGlobalSection
	GlobalSection(ProjectConfigurationPlatforms) = postSolution
		{22F010F6-70FE-4747-94A1-B206726F3C59}.Debug|Any CPU.ActiveCfg = Debug|Any CPU
		{22F010F6-70FE-4747-94A1-B206726F3C59}.Debug|Any CPU.Build.0 = Debug|Any CPU
		{22F010F6-70FE-4747-94A1-B206726F3C59}.Release|Any CPU.ActiveCfg = Release|Any CPU
		{22F010F6-70FE-4747-94A1-B206726F3C59}.Release|Any CPU.Build.0 = Release|Any CPU
	EndGlobalSection
	GlobalSection(SolutionProperties) = preSolution
		HideSolutionNode = FALSE
	EndGlobalSection
	GlobalSection(ExtensibilityGlobals) = postSolution
		SolutionGuid = {7BF56EE9-6253-4689-B1EA-116EC525F956}
	EndGlobalSection
EndGlobal
